<?xml version="1.0" encoding="utf-8"?>
<Project ToolsVersion="4.0" xmlns="http://schemas.microsoft.com/developer/msbuild/2003">
  <ItemGroup>
    <Filter Include="Quelldateien">
      <UniqueIdentifier>{4FC737F1-C7A5-4376-A066-2A32D752A2FF}</UniqueIdentifier>
      <Extensions>cpp;c;cc;cxx;c++;cppm;ixx;def;odl;idl;hpj;bat;asm;asmx</Extensions>
    </Filter>
    <Filter Include="Headerdateien">
      <UniqueIdentifier>{93995380-89BD-4b04-88EB-625FBE52EBFB}</UniqueIdentifier>
      <Extensions>h;hh;hpp;hxx;h++;hm;inl;inc;ipp;xsd</Extensions>
    </Filter>
    <Filter Include="Ressourcendateien">
      <UniqueIdentifier>{67DA6AB6-F800-4c08-8B7A-83BB121AAD01}</UniqueIdentifier>
      <Extensions>rc;ico;cur;bmp;dlg;rc2;rct;bin;rgs;gif;jpg;jpeg;jpe;resx;tiff;tif;png;wav;mfcribbon-ms</Extensions>
    </Filter>
    <Filter Include="Quelldateien\App">
      <UniqueIdentifier>{63fc0c4f-22e3-4f60-a1ff-d24e8fbd8438}</UniqueIdentifier>
    </Filter>
    <Filter Include="Headerdateien\App">
      <UniqueIdentifier>{80b549ee-734c-462d-bbe4-51e6fabd6a62}</UniqueIdentifier>
    </Filter>
    <Filter Include="Quelldateien\Scene">
      <UniqueIdentifier>{ae9c2612-41fa-42ca-b27a-332a651d3666}</UniqueIdentifier>
    </Filter>
    <Filter Include="Headerdateien\Scene">
      <UniqueIdentifier>{97f02241-f754-4b45-a447-21838b4220b2}</UniqueIdentifier>
    </Filter>
    <Filter Include="Headerdateien\Rendering">
      <UniqueIdentifier>{aac213b1-8c83-48fc-b76a-c061e333b64c}</UniqueIdentifier>
    </Filter>
    <Filter Include="Quelldateien\Rendering">
      <UniqueIdentifier>{c42e96d9-a1e3-47a8-9f6a-b094df72416a}</UniqueIdentifier>
    </Filter>
  </ItemGroup>
  <ItemGroup>
    <ClInclude Include="Application.h">
      <Filter>Headerdateien\App</Filter>
    </ClInclude>
    <ClInclude Include="Window.h">
      <Filter>Headerdateien\App</Filter>
    </ClInclude>
    <ClInclude Include="Scene.h">
      <Filter>Headerdateien\Scene</Filter>
    </ClInclude>
    <ClInclude Include="Camera.h">
      <Filter>Headerdateien\Scene</Filter>
    </ClInclude>
    <ClInclude Include="Entity.h">
      <Filter>Headerdateien\Scene</Filter>
    </ClInclude>
    <ClInclude Include="StaticMesh.h">
      <Filter>Headerdateien\Rendering</Filter>
    </ClInclude>
    <ClInclude Include="Material.h">
      <Filter>Headerdateien\Rendering</Filter>
    </ClInclude>
    <ClInclude Include="RenderProxy.h">
      <Filter>Headerdateien\Rendering</Filter>
    </ClInclude>
  </ItemGroup>
  <ItemGroup>
    <ClCompile Include="Application.cpp">
      <Filter>Quelldateien\App</Filter>
    </ClCompile>
    <ClCompile Include="Window.cpp">
      <Filter>Quelldateien\App</Filter>
    </ClCompile>
    <ClCompile Include="Scene.cpp">
      <Filter>Quelldateien\Scene</Filter>
    </ClCompile>
    <ClCompile Include="Camera.cpp">
      <Filter>Quelldateien\Scene</Filter>
    </ClCompile>
    <ClCompile Include="Entity.cpp">
      <Filter>Quelldateien\Scene</Filter>
    </ClCompile>
    <ClCompile Include="StaticMesh.cpp">
      <Filter>Quelldateien\Rendering</Filter>
    </ClCompile>
    <ClCompile Include="Material.cpp">
      <Filter>Quelldateien\Rendering</Filter>
    </ClCompile>
    <ClCompile Include="RenderProxy.cpp">
      <Filter>Quelldateien\Rendering</Filter>
    </ClCompile>
  </ItemGroup>
</Project>